{
  "name": "shitspeak-wasm-auth-assemblyscript-example",
  "version": "0.1.0",
  "lockfileVersion": 3,
  "requires": true,
  "packages": {
    "": {
      "name": "shitspeak-wasm-auth-assemblyscript-example",
      "version": "0.1.0",
      "devDependencies": {
        "assemblyscript": "latest",
        "json-as": "^1.3.7"
      }
    },
    "node_modules/assemblyscript": {
      "version": "0.28.17",
      "resolved": "https://registry.npmjs.org/assemblyscript/-/assemblyscript-0.28.17.tgz",
      "integrity": "sha512-+S0Y7pwLiJngik0bt63XAswcN3Mu0szjvl2aCRWJ9U+5214e93HIt1waTBGFq0yLa8LJBBziw95BaAs5FNfz5Q==",
      "dev": true,
      "license": "Apache-2.0",
      "dependencies": {
        "binaryen": "129.0.0-nightly.20260428",
        "long": "^5.2.4"
      },
      "bin": {
        "asc": "bin/asc.js",
        "asinit": "bin/asinit.js"
      },
      "engines": {
        "node": ">=20",
        "npm": ">=10"
      },
      "funding": {
        "type": "opencollective",
        "url": "https://opencollective.com/assemblyscript"
      }
    },
    "node_modules/binaryen": {
      "version": "129.0.0-nightly.20260428",
      "resolved": "https://registry.npmjs.org/binaryen/-/binaryen-129.0.0-nightly.20260428.tgz",
      "integrity": "sha512-RpjRVPZw8NOhkGzx3tTaKYdv4C+zO1VVI0VB9GSCNLM81flHOAZUwRJTLDM3Hqco3OmwB8hTLpkkpMSJjUfHXw==",
      "dev": true,
      "license": "Apache-2.0",
      "bin": {
        "wasm-as": "bin/wasm-as",
        "wasm-ctor-eval": "bin/wasm-ctor-eval",
        "wasm-dis": "bin/wasm-dis",
        "wasm-merge": "bin/wasm-merge",
        "wasm-metadce": "bin/wasm-metadce",
        "wasm-opt": "bin/wasm-opt",
        "wasm-reduce": "bin/wasm-reduce",
        "wasm-shell": "bin/wasm-shell",
        "wasm2js": "bin/wasm2js"
      }
    },
    "node_modules/json-as": {
      "version": "1.3.7",
      "resolved": "https://registry.npmjs.org/json-as/-/json-as-1.3.7.tgz",
      "integrity": "sha512-Vq6FClsUNl0ovaS334ByS8kmBZKgqL38iAdYenOIMklAkhAdal1palso0VZaQunJ07sO/w9TjVSiMOdAJNtylQ==",
      "dev": true,
      "license": "MIT",
      "funding": {
        "url": "https://github.com/sponsors/JairusSW"
      }
    },
    "node_modules/long": {
      "version": "5.3.2",
      "resolved": "https://registry.npmjs.org/long/-/long-5.3.2.tgz",
      "integrity": "sha512-mNAgZ1GmyNhD7AuqnTG3/VQ26o760+ZYBPKjPvugO8+nLbYfX6TVpJPseBvopbdY+qpZ/lKUnmEc1LeZYS3QAA==",
      "dev": true,
      "license": "Apache-2.0"
    }
  }
}
